
Microsoft Visual Studio Solution File, Format Version 12.00
# Visual Studio Version 16
VisualStudioVersion = 16.0.29424.173
MinimumVisualStudioVersion = 10.0.40219.1
Project("{FAE04EC0-301F-11D3-BF4B-00C04F79EFBC}") = "BulbaCourses.Web", "BulbaCourses.Web\BulbaCourses.Web.csproj", "{B1F4A35F-4B42-4448-9577-CFD2E1EF83F8}"
EndProject
Project("{2150E333-8FDC-42A3-9474-1A3956D46DE8}") = "Global_Admin_Users", "Global_Admin_Users", "{24B96E9F-A0FE-46D5-9465-441556C721EF}"
EndProject
Project("{2150E333-8FDC-42A3-9474-1A3956D46DE8}") = "Youtube", "Youtube", "{CEF33061-8E8C-41CB-936E-EA8D37BF6540}"
EndProject
Project("{FAE04EC0-301F-11D3-BF4B-00C04F79EFBC}") = "BulbaCourses.Youtube.Web", "BulbaCourses.Youtube.Web\BulbaCourses.Youtube.Web.csproj", "{23092271-E8E3-47BC-B926-D2058FD4BE7F}"
EndProject
Project("{E53339B2-1760-4266-BCC7-CA923CBCF16C}") = "docker-compose", "docker-compose.dcproj", "{B8897E55-F577-4ED3-9B8D-8B78DAF3E1D0}"
EndProject
Project("{2150E333-8FDC-42A3-9474-1A3956D46DE8}") = "Analytics", "Analytics", "{99D812B3-957C-411B-A862-81A6CF59FDA8}"
EndProject
Project("{FAE04EC0-301F-11D3-BF4B-00C04F79EFBC}") = "BulbaCourses.Analytics.Web", "BulbaCourses.Analytics.Web\BulbaCourses.Analytics.Web.csproj", "{FA1A4ACD-BDA4-495E-80F4-38979495D414}"
EndProject
Project("{2150E333-8FDC-42A3-9474-1A3956D46DE8}") = "GlobalSearch", "GlobalSearch", "{C611C702-E943-405F-8102-D0CA32E52F44}"
EndProject
Project("{2150E333-8FDC-42A3-9474-1A3956D46DE8}") = "DiscountAggregator", "DiscountAggregator", "{ABB7FB4C-6AC4-475A-9F64-5F960BDE0E1F}"
EndProject
Project("{FAE04EC0-301F-11D3-BF4B-00C04F79EFBC}") = "BulbaCourses.DiscountAggregator.Web", "BulbaCourses.DiscountAggregator.Web\BulbaCourses.DiscountAggregator.Web.csproj", "{B68EE870-C1D6-4757-B1B4-72FB7942C178}"
EndProject
Project("{2150E333-8FDC-42A3-9474-1A3956D46DE8}") = "Video", "Video", "{01F60791-46CA-403F-A2B1-8CEA6E7A5DC9}"
EndProject
Project("{2150E333-8FDC-42A3-9474-1A3956D46DE8}") = "PracticalMaterialsTasks", "PracticalMaterialsTasks", "{601CB2CE-FBD0-48DF-8450-E4BF5B0D1185}"
EndProject
Project("{FAE04EC0-301F-11D3-BF4B-00C04F79EFBC}") = "BulbaCourses.PracticalMaterialsTasks.Web", "BulbaCourses.PracticalMaterialsTasks.Web\BulbaCourses.PracticalMaterialsTasks.Web.csproj", "{561B18DC-239A-42A7-B9DB-84E7ADCB6B72}"
EndProject
Project("{2150E333-8FDC-42A3-9474-1A3956D46DE8}") = "TextMaterials_Presentations", "TextMaterials_Presentations", "{D5D6A0D1-A27A-402B-8D0C-F9BE0804133E}"
EndProject
Project("{FAE04EC0-301F-11D3-BF4B-00C04F79EFBC}") = "BulbaCourses.TextMaterials_Presentations.Web", "BulbaCourses.TextMaterials_Presentations.Web\BulbaCourses.TextMaterials_Presentations.Web.csproj", "{DAE8514E-3D8F-49AC-8418-DFA1984226CD}"
EndProject
Project("{2150E333-8FDC-42A3-9474-1A3956D46DE8}") = "Podcasts", "Podcasts", "{69BEDF67-2025-4137-ABB3-67DC4F29B55D}"
EndProject
Project("{FAE04EC0-301F-11D3-BF4B-00C04F79EFBC}") = "BulbaCourses.Analytics.DAL", "BulbaCourses.Analytics.DAL\BulbaCourses.Analytics.DAL.csproj", "{53FA5E2C-5698-4F83-B190-71AA652DAE01}"
EndProject
Project("{FAE04EC0-301F-11D3-BF4B-00C04F79EFBC}") = "BulbaCourses.Analytics.BLL", "BulbaCourses.Analytics.BLL\BulbaCourses.Analytics.BLL.csproj", "{09826433-98BD-45C2-AF11-1779CDFABE25}"
EndProject
Project("{FAE04EC0-301F-11D3-BF4B-00C04F79EFBC}") = "BulbaCourses.Analytics.Tests", "BulbaCourses.Analytics.Tests\BulbaCourses.Analytics.Tests.csproj", "{FA0DB9FD-0B07-400A-B370-7238686EA785}"
EndProject
Project("{FAE04EC0-301F-11D3-BF4B-00C04F79EFBC}") = "BulbaCourses.TextMaterials_Presentations.Logic", "BulbaCourses.TextMaterials_Presentations.Logic\BulbaCourses.TextMaterials_Presentations.Logic.csproj", "{6335F50B-20DF-493F-AFB0-02B09123521F}"
EndProject
Project("{FAE04EC0-301F-11D3-BF4B-00C04F79EFBC}") = "BulbaCourses.TextMaterials_Presentations.Data", "BulbaCourses.TextMaterials_Presentations.Data\BulbaCourses.TextMaterials_Presentations.Data.csproj", "{829CFF17-45EB-489F-A56D-FF3A4B4EFD42}"
EndProject
Project("{2150E333-8FDC-42A3-9474-1A3956D46DE8}") = "PracticalMaterialsTests", "PracticalMaterialsTests", "{311F5F9E-C078-4585-876B-AD613F87FE29}"
EndProject
Project("{FAE04EC0-301F-11D3-BF4B-00C04F79EFBC}") = "BulbaCourses.PracticalMaterialsTests.Web", "BulbaCourses.PracticalMaterialsTests.Web\BulbaCourses.PracticalMaterialsTests.Web.csproj", "{7AEEDB39-CF59-4363-930F-557B6EC9FFCF}"
EndProject
Project("{FAE04EC0-301F-11D3-BF4B-00C04F79EFBC}") = "BulbaCourses.PracticalMaterialsTests.Tests", "BulbaCourses.PracticalMaterialsTests.Tests\BulbaCourses.PracticalMaterialsTests.Tests.csproj", "{8153995A-DC00-4EEE-B193-3F86393D4199}"
EndProject
Project("{FAE04EC0-301F-11D3-BF4B-00C04F79EFBC}") = "BulbaCourses.PracticalMaterialsTests.Logic", "BulbaCourses.PracticalMaterialsTests.Logic\BulbaCourses.PracticalMaterialsTests.Logic.csproj", "{BE04F720-8B4F-4B3E-9C58-5400934EED91}"
EndProject
Project("{FAE04EC0-301F-11D3-BF4B-00C04F79EFBC}") = "BulbaCourses.PracticalMaterialsTests.Data", "BulbaCourses.PracticalMaterialsTests.Data\BulbaCourses.PracticalMaterialsTests.Data.csproj", "{4AB20B3A-6E96-4F8A-B5E1-D59BD28DE331}"
EndProject
Project("{FAE04EC0-301F-11D3-BF4B-00C04F79EFBC}") = "BulbaCourses.Video.Web", "BulbaCourses.Video.Web\BulbaCourses.Video.Web.csproj", "{F7D98B3E-78AA-42D3-9547-EC8C29C946BC}"
EndProject
Project("{FAE04EC0-301F-11D3-BF4B-00C04F79EFBC}") = "BulbaCourses.Video.Data", "BulbaCourses.Video.Data\BulbaCourses.Video.Data.csproj", "{99064581-4378-4F1D-9099-2F0A34E1FEF6}"
EndProject
Project("{FAE04EC0-301F-11D3-BF4B-00C04F79EFBC}") = "BulbaCourses.Video.Logic", "BulbaCourses.Video.Logic\BulbaCourses.Video.Logic.csproj", "{DD64E168-6D37-481C-AF1B-C171F15306D2}"
EndProject
Project("{FAE04EC0-301F-11D3-BF4B-00C04F79EFBC}") = "BulbaCourses.GlobalSearch.Logic", "BulbaCourses.GlobalSearch.Logic\BulbaCourses.GlobalSearch.Logic.csproj", "{8508CAEE-D963-48BA-9B66-096F6E604804}"
EndProject
Project("{FAE04EC0-301F-11D3-BF4B-00C04F79EFBC}") = "BulbaCourses.GlobalSearch.Data", "BulbaCourses.GlobalSearch.Data\BulbaCourses.GlobalSearch.Data.csproj", "{14E229BA-727C-43A1-8CAD-00158F4CEB05}"
EndProject
Project("{FAE04EC0-301F-11D3-BF4B-00C04F79EFBC}") = "BulbaCourses.DiscountAggregator.Logic", "BulbaCourses.DiscountAggregator.Logic\BulbaCourses.DiscountAggregator.Logic.csproj", "{F7E7A6E5-399F-40F7-AC7C-1293B7A071A0}"
EndProject
Project("{FAE04EC0-301F-11D3-BF4B-00C04F79EFBC}") = "BulbaCourses.DiscountAggregator.Data", "BulbaCourses.DiscountAggregator.Data\BulbaCourses.DiscountAggregator.Data.csproj", "{02EBD441-46F9-45A8-8998-705EA01D8CAA}"
EndProject
Project("{FAE04EC0-301F-11D3-BF4B-00C04F79EFBC}") = "BulbaCourses.Analytics.Infrastructure", "BulbaCourses.Analytics.Infrastructure\BulbaCourses.Analytics.Infrastructure.csproj", "{12B86A99-3216-441C-BDAC-C8CD95DA5189}"
EndProject
Project("{FAE04EC0-301F-11D3-BF4B-00C04F79EFBC}") = "BulbaCourses.Video.WebTests", "BulbaCourses.Video.WebTests\BulbaCourses.Video.WebTests.csproj", "{56D2B876-1238-49D2-A95B-E2F5D61A0C2C}"
EndProject
Project("{FAE04EC0-301F-11D3-BF4B-00C04F79EFBC}") = "BulbaCourses.GlobalSearch.Tests", "BulbaCourses.GlobalSearch.Tests\BulbaCourses.GlobalSearch.Tests.csproj", "{8B04F518-72E2-436D-B82E-5A4B68D3CB65}"
EndProject
Project("{FAE04EC0-301F-11D3-BF4B-00C04F79EFBC}") = "BulbaCourses.GlobalSearch.Web", "BulbaCourses.GlobalSearch.Web\BulbaCourses.GlobalSearch.Web.csproj", "{5DBDF1AB-3B5A-4BF9-842F-E7BBD5A22726}"
EndProject
Project("{FAE04EC0-301F-11D3-BF4B-00C04F79EFBC}") = "BulbaCourses.Youtube.DataAccess", "BulbaCourses.Youtube.DataAccess\BulbaCourses.Youtube.DataAccess.csproj", "{58168014-6AEC-44DC-9D44-27D896724A66}"
EndProject
Project("{FAE04EC0-301F-11D3-BF4B-00C04F79EFBC}") = "BulbaCourses.Youtube.Logic", "BulbaCourses.Youtube.Logic\BulbaCourses.Youtube.Logic.csproj", "{82F072DD-142C-4BCE-936E-077C76EB7802}"
EndProject
Project("{FAE04EC0-301F-11D3-BF4B-00C04F79EFBC}") = "BulbaCourses.Youtube.SelfHosted", "BulbaCourses.Youtube.SelfHosted\BulbaCourses.Youtube.SelfHosted.csproj", "{87FDF1A1-4AF5-40E2-A2D2-5FA9EEB4504E}"
EndProject
Project("{FAE04EC0-301F-11D3-BF4B-00C04F79EFBC}") = "BulbaCourses.Youtube.Tests", "BulbaCourses.Youtube.Tests\BulbaCourses.Youtube.Tests.csproj", "{C0CE4C81-7803-4F17-8E1E-0039DBDEC04C}"
EndProject
Project("{FAE04EC0-301F-11D3-BF4B-00C04F79EFBC}") = "BulbaCourses.GlobalAdminUser.Web", "BulbaCourses.GlobalAdminUser.Web\BulbaCourses.GlobalAdminUser.Web.csproj", "{006B24D6-2060-4273-8A08-CE5BF77094DF}"
EndProject
Project("{FAE04EC0-301F-11D3-BF4B-00C04F79EFBC}") = "BulbaCourses.DiscountAggregator.Infrastructure", "BulbaCourses.DiscountAggregator.Infrastructure\BulbaCourses.DiscountAggregator.Infrastructure.csproj", "{BEE48F9D-0C56-4385-A217-C405C7721F20}"
EndProject
Project("{FAE04EC0-301F-11D3-BF4B-00C04F79EFBC}") = "BulbaCourses.Analytics.Forecast", "BulbaCourses.Analytics.Forecast\BulbaCourses.Analytics.Forecast.csproj", "{475A6B9C-3354-4698-A6B7-31FF6FC1D6C7}"
EndProject
Project("{FAE04EC0-301F-11D3-BF4B-00C04F79EFBC}") = "BulbaCourses.GlobalAdminUser.Logic", "BulbaCourses.GlobalAdminUser.Logic\BulbaCourses.GlobalAdminUser.Logic.csproj", "{9DB76F72-3C95-4333-B61B-360C46B29600}"
EndProject
Project("{FAE04EC0-301F-11D3-BF4B-00C04F79EFBC}") = "BulbaCourses.Podcasts.Web", "BulbaCourses.Podcasts.Web\BulbaCourses.Podcasts.Web.csproj", "{9343B11E-6295-42E3-988F-5760569FBDAC}"
EndProject
Project("{FAE04EC0-301F-11D3-BF4B-00C04F79EFBC}") = "BulbaCourses.Podcasts.Logic", "BulbaCourses.Podcasts.Logic\BulbaCourses.Podcasts.Logic.csproj", "{47F40014-F2B6-4FFB-A66A-95306E2FAF96}"
EndProject
Project("{FAE04EC0-301F-11D3-BF4B-00C04F79EFBC}") = "BulbaCourses.Podcasts.Data", "BulbaCourses.Podcasts.Data\BulbaCourses.Podcasts.Data.csproj", "{4641C1D5-989D-4E36-B2C1-85AD03F4F333}"
EndProject
Project("{FAE04EC0-301F-11D3-BF4B-00C04F79EFBC}") = "BulbaCourses.GlobalAdminUser.Data", "BulbaCourses.GlobalAdminUser.Data\BulbaCourses.GlobalAdminUser.Data.csproj", "{360A1161-3D6B-460C-A30C-E3C80EB339E3}"
EndProject
Project("{FAE04EC0-301F-11D3-BF4B-00C04F79EFBC}") = "BulbaCourses.TextMaterials_Presentations_Tests", "BulbaCourses.TextMaterials_Presentations_Tests\BulbaCourses.TextMaterials_Presentations_Tests.csproj", "{2ED30113-FB36-4C90-AC80-A51FEE51BA37}"
EndProject
Project("{FAE04EC0-301F-11D3-BF4B-00C04F79EFBC}") = "BulbaCourses.TextMaterials_Presentations.Client", "BulbaCourses.TextMaterials_Presentations.Client\BulbaCourses.TextMaterials_Presentations.Client.csproj", "{68AAE3DA-50EF-4467-BB77-DEF05A632501}"
EndProject
Project("{FAE04EC0-301F-11D3-BF4B-00C04F79EFBC}") = "BulbaCourses.Analytics.ForecastTests", "BulbaCourses.Analytics.ForecastTests\BulbaCourses.Analytics.ForecastTests.csproj", "{EB8AE6D3-1677-4A8A-84CC-C67095E39980}"
EndProject
Project("{9A19103F-16F7-4668-BE54-9A1E7A4F7556}") = "BulbaCourses.GlobalSearch.Infrastructure", "BulbaCourses.GlobalSearch.Infrastructure\BulbaCourses.GlobalSearch.Infrastructure.csproj", "{B52BF21B-7695-4F00-B8EF-AE8F36D6C3FC}"
EndProject
Global
	GlobalSection(SolutionConfigurationPlatforms) = preSolution
		Debug|Any CPU = Debug|Any CPU
		Release|Any CPU = Release|Any CPU
	EndGlobalSection
	GlobalSection(ProjectConfigurationPlatforms) = postSolution
		{B1F4A35F-4B42-4448-9577-CFD2E1EF83F8}.Debug|Any CPU.ActiveCfg = Debug|Any CPU
		{B1F4A35F-4B42-4448-9577-CFD2E1EF83F8}.Debug|Any CPU.Build.0 = Debug|Any CPU
		{B1F4A35F-4B42-4448-9577-CFD2E1EF83F8}.Release|Any CPU.ActiveCfg = Release|Any CPU
		{B1F4A35F-4B42-4448-9577-CFD2E1EF83F8}.Release|Any CPU.Build.0 = Release|Any CPU
		{23092271-E8E3-47BC-B926-D2058FD4BE7F}.Debug|Any CPU.ActiveCfg = Debug|Any CPU
		{23092271-E8E3-47BC-B926-D2058FD4BE7F}.Debug|Any CPU.Build.0 = Debug|Any CPU
		{23092271-E8E3-47BC-B926-D2058FD4BE7F}.Release|Any CPU.ActiveCfg = Release|Any CPU
		{23092271-E8E3-47BC-B926-D2058FD4BE7F}.Release|Any CPU.Build.0 = Release|Any CPU
		{B8897E55-F577-4ED3-9B8D-8B78DAF3E1D0}.Debug|Any CPU.ActiveCfg = Debug|Any CPU
		{B8897E55-F577-4ED3-9B8D-8B78DAF3E1D0}.Release|Any CPU.ActiveCfg = Release|Any CPU
		{B8897E55-F577-4ED3-9B8D-8B78DAF3E1D0}.Release|Any CPU.Build.0 = Release|Any CPU
		{FA1A4ACD-BDA4-495E-80F4-38979495D414}.Debug|Any CPU.ActiveCfg = Debug|Any CPU
		{FA1A4ACD-BDA4-495E-80F4-38979495D414}.Debug|Any CPU.Build.0 = Debug|Any CPU
		{FA1A4ACD-BDA4-495E-80F4-38979495D414}.Release|Any CPU.ActiveCfg = Release|Any CPU
		{FA1A4ACD-BDA4-495E-80F4-38979495D414}.Release|Any CPU.Build.0 = Release|Any CPU
		{B68EE870-C1D6-4757-B1B4-72FB7942C178}.Debug|Any CPU.ActiveCfg = Debug|Any CPU
		{B68EE870-C1D6-4757-B1B4-72FB7942C178}.Debug|Any CPU.Build.0 = Debug|Any CPU
		{B68EE870-C1D6-4757-B1B4-72FB7942C178}.Release|Any CPU.ActiveCfg = Release|Any CPU
		{B68EE870-C1D6-4757-B1B4-72FB7942C178}.Release|Any CPU.Build.0 = Release|Any CPU
		{561B18DC-239A-42A7-B9DB-84E7ADCB6B72}.Debug|Any CPU.ActiveCfg = Debug|Any CPU
		{561B18DC-239A-42A7-B9DB-84E7ADCB6B72}.Debug|Any CPU.Build.0 = Debug|Any CPU
		{561B18DC-239A-42A7-B9DB-84E7ADCB6B72}.Release|Any CPU.ActiveCfg = Release|Any CPU
		{561B18DC-239A-42A7-B9DB-84E7ADCB6B72}.Release|Any CPU.Build.0 = Release|Any CPU
		{DAE8514E-3D8F-49AC-8418-DFA1984226CD}.Debug|Any CPU.ActiveCfg = Debug|Any CPU
		{DAE8514E-3D8F-49AC-8418-DFA1984226CD}.Debug|Any CPU.Build.0 = Debug|Any CPU
		{DAE8514E-3D8F-49AC-8418-DFA1984226CD}.Release|Any CPU.ActiveCfg = Release|Any CPU
		{DAE8514E-3D8F-49AC-8418-DFA1984226CD}.Release|Any CPU.Build.0 = Release|Any CPU
		{006B24D6-2060-4273-8A08-CE5BF77094DF}.Debug|Any CPU.ActiveCfg = Debug|Any CPU
		{006B24D6-2060-4273-8A08-CE5BF77094DF}.Debug|Any CPU.Build.0 = Debug|Any CPU
		{006B24D6-2060-4273-8A08-CE5BF77094DF}.Release|Any CPU.ActiveCfg = Release|Any CPU
		{006B24D6-2060-4273-8A08-CE5BF77094DF}.Release|Any CPU.Build.0 = Release|Any CPU
		{53FA5E2C-5698-4F83-B190-71AA652DAE01}.Debug|Any CPU.ActiveCfg = Debug|Any CPU
		{53FA5E2C-5698-4F83-B190-71AA652DAE01}.Debug|Any CPU.Build.0 = Debug|Any CPU
		{53FA5E2C-5698-4F83-B190-71AA652DAE01}.Release|Any CPU.ActiveCfg = Release|Any CPU
		{53FA5E2C-5698-4F83-B190-71AA652DAE01}.Release|Any CPU.Build.0 = Release|Any CPU
		{09826433-98BD-45C2-AF11-1779CDFABE25}.Debug|Any CPU.ActiveCfg = Debug|Any CPU
		{09826433-98BD-45C2-AF11-1779CDFABE25}.Debug|Any CPU.Build.0 = Debug|Any CPU
		{09826433-98BD-45C2-AF11-1779CDFABE25}.Release|Any CPU.ActiveCfg = Release|Any CPU
		{09826433-98BD-45C2-AF11-1779CDFABE25}.Release|Any CPU.Build.0 = Release|Any CPU
		{FA0DB9FD-0B07-400A-B370-7238686EA785}.Debug|Any CPU.ActiveCfg = Debug|Any CPU
		{FA0DB9FD-0B07-400A-B370-7238686EA785}.Debug|Any CPU.Build.0 = Debug|Any CPU
		{FA0DB9FD-0B07-400A-B370-7238686EA785}.Release|Any CPU.ActiveCfg = Release|Any CPU
		{6335F50B-20DF-493F-AFB0-02B09123521F}.Debug|Any CPU.ActiveCfg = Debug|Any CPU
		{6335F50B-20DF-493F-AFB0-02B09123521F}.Debug|Any CPU.Build.0 = Debug|Any CPU
		{6335F50B-20DF-493F-AFB0-02B09123521F}.Release|Any CPU.ActiveCfg = Release|Any CPU
		{6335F50B-20DF-493F-AFB0-02B09123521F}.Release|Any CPU.Build.0 = Release|Any CPU
		{829CFF17-45EB-489F-A56D-FF3A4B4EFD42}.Debug|Any CPU.ActiveCfg = Debug|Any CPU
		{829CFF17-45EB-489F-A56D-FF3A4B4EFD42}.Debug|Any CPU.Build.0 = Debug|Any CPU
		{829CFF17-45EB-489F-A56D-FF3A4B4EFD42}.Release|Any CPU.ActiveCfg = Release|Any CPU
		{829CFF17-45EB-489F-A56D-FF3A4B4EFD42}.Release|Any CPU.Build.0 = Release|Any CPU
		{7AEEDB39-CF59-4363-930F-557B6EC9FFCF}.Debug|Any CPU.ActiveCfg = Debug|Any CPU
		{7AEEDB39-CF59-4363-930F-557B6EC9FFCF}.Debug|Any CPU.Build.0 = Debug|Any CPU
		{7AEEDB39-CF59-4363-930F-557B6EC9FFCF}.Release|Any CPU.ActiveCfg = Release|Any CPU
		{7AEEDB39-CF59-4363-930F-557B6EC9FFCF}.Release|Any CPU.Build.0 = Release|Any CPU
		{8153995A-DC00-4EEE-B193-3F86393D4199}.Debug|Any CPU.ActiveCfg = Debug|Any CPU
		{8153995A-DC00-4EEE-B193-3F86393D4199}.Debug|Any CPU.Build.0 = Debug|Any CPU
		{8153995A-DC00-4EEE-B193-3F86393D4199}.Release|Any CPU.ActiveCfg = Release|Any CPU
		{8153995A-DC00-4EEE-B193-3F86393D4199}.Release|Any CPU.Build.0 = Release|Any CPU
		{BE04F720-8B4F-4B3E-9C58-5400934EED91}.Debug|Any CPU.ActiveCfg = Debug|Any CPU
		{BE04F720-8B4F-4B3E-9C58-5400934EED91}.Debug|Any CPU.Build.0 = Debug|Any CPU
		{BE04F720-8B4F-4B3E-9C58-5400934EED91}.Release|Any CPU.ActiveCfg = Release|Any CPU
		{BE04F720-8B4F-4B3E-9C58-5400934EED91}.Release|Any CPU.Build.0 = Release|Any CPU
		{4AB20B3A-6E96-4F8A-B5E1-D59BD28DE331}.Debug|Any CPU.ActiveCfg = Debug|Any CPU
		{4AB20B3A-6E96-4F8A-B5E1-D59BD28DE331}.Debug|Any CPU.Build.0 = Debug|Any CPU
		{4AB20B3A-6E96-4F8A-B5E1-D59BD28DE331}.Release|Any CPU.ActiveCfg = Release|Any CPU
		{4AB20B3A-6E96-4F8A-B5E1-D59BD28DE331}.Release|Any CPU.Build.0 = Release|Any CPU
		{F7D98B3E-78AA-42D3-9547-EC8C29C946BC}.Debug|Any CPU.ActiveCfg = Debug|Any CPU
		{F7D98B3E-78AA-42D3-9547-EC8C29C946BC}.Debug|Any CPU.Build.0 = Debug|Any CPU
		{F7D98B3E-78AA-42D3-9547-EC8C29C946BC}.Release|Any CPU.ActiveCfg = Release|Any CPU
		{F7D98B3E-78AA-42D3-9547-EC8C29C946BC}.Release|Any CPU.Build.0 = Release|Any CPU
		{99064581-4378-4F1D-9099-2F0A34E1FEF6}.Debug|Any CPU.ActiveCfg = Debug|Any CPU
		{99064581-4378-4F1D-9099-2F0A34E1FEF6}.Debug|Any CPU.Build.0 = Debug|Any CPU
		{99064581-4378-4F1D-9099-2F0A34E1FEF6}.Release|Any CPU.ActiveCfg = Release|Any CPU
		{99064581-4378-4F1D-9099-2F0A34E1FEF6}.Release|Any CPU.Build.0 = Release|Any CPU
		{DD64E168-6D37-481C-AF1B-C171F15306D2}.Debug|Any CPU.ActiveCfg = Debug|Any CPU
		{DD64E168-6D37-481C-AF1B-C171F15306D2}.Debug|Any CPU.Build.0 = Debug|Any CPU
		{DD64E168-6D37-481C-AF1B-C171F15306D2}.Release|Any CPU.ActiveCfg = Release|Any CPU
		{DD64E168-6D37-481C-AF1B-C171F15306D2}.Release|Any CPU.Build.0 = Release|Any CPU
		{8508CAEE-D963-48BA-9B66-096F6E604804}.Debug|Any CPU.ActiveCfg = Debug|Any CPU
		{8508CAEE-D963-48BA-9B66-096F6E604804}.Debug|Any CPU.Build.0 = Debug|Any CPU
		{8508CAEE-D963-48BA-9B66-096F6E604804}.Release|Any CPU.ActiveCfg = Release|Any CPU
		{8508CAEE-D963-48BA-9B66-096F6E604804}.Release|Any CPU.Build.0 = Release|Any CPU
		{14E229BA-727C-43A1-8CAD-00158F4CEB05}.Debug|Any CPU.ActiveCfg = Debug|Any CPU
		{14E229BA-727C-43A1-8CAD-00158F4CEB05}.Debug|Any CPU.Build.0 = Debug|Any CPU
		{14E229BA-727C-43A1-8CAD-00158F4CEB05}.Release|Any CPU.ActiveCfg = Release|Any CPU
		{14E229BA-727C-43A1-8CAD-00158F4CEB05}.Release|Any CPU.Build.0 = Release|Any CPU
		{F7E7A6E5-399F-40F7-AC7C-1293B7A071A0}.Debug|Any CPU.ActiveCfg = Debug|Any CPU
		{F7E7A6E5-399F-40F7-AC7C-1293B7A071A0}.Debug|Any CPU.Build.0 = Debug|Any CPU
		{F7E7A6E5-399F-40F7-AC7C-1293B7A071A0}.Release|Any CPU.ActiveCfg = Release|Any CPU
		{F7E7A6E5-399F-40F7-AC7C-1293B7A071A0}.Release|Any CPU.Build.0 = Release|Any CPU
		{02EBD441-46F9-45A8-8998-705EA01D8CAA}.Debug|Any CPU.ActiveCfg = Debug|Any CPU
		{02EBD441-46F9-45A8-8998-705EA01D8CAA}.Debug|Any CPU.Build.0 = Debug|Any CPU
		{02EBD441-46F9-45A8-8998-705EA01D8CAA}.Release|Any CPU.ActiveCfg = Release|Any CPU
		{02EBD441-46F9-45A8-8998-705EA01D8CAA}.Release|Any CPU.Build.0 = Release|Any CPU
		{12B86A99-3216-441C-BDAC-C8CD95DA5189}.Debug|Any CPU.ActiveCfg = Debug|Any CPU
		{12B86A99-3216-441C-BDAC-C8CD95DA5189}.Debug|Any CPU.Build.0 = Debug|Any CPU
		{12B86A99-3216-441C-BDAC-C8CD95DA5189}.Release|Any CPU.ActiveCfg = Release|Any CPU
		{12B86A99-3216-441C-BDAC-C8CD95DA5189}.Release|Any CPU.Build.0 = Release|Any CPU
		{56D2B876-1238-49D2-A95B-E2F5D61A0C2C}.Debug|Any CPU.ActiveCfg = Debug|Any CPU
		{56D2B876-1238-49D2-A95B-E2F5D61A0C2C}.Debug|Any CPU.Build.0 = Debug|Any CPU
		{56D2B876-1238-49D2-A95B-E2F5D61A0C2C}.Release|Any CPU.ActiveCfg = Release|Any CPU
		{56D2B876-1238-49D2-A95B-E2F5D61A0C2C}.Release|Any CPU.Build.0 = Release|Any CPU
		{8B04F518-72E2-436D-B82E-5A4B68D3CB65}.Debug|Any CPU.ActiveCfg = Debug|Any CPU
		{8B04F518-72E2-436D-B82E-5A4B68D3CB65}.Debug|Any CPU.Build.0 = Debug|Any CPU
		{8B04F518-72E2-436D-B82E-5A4B68D3CB65}.Release|Any CPU.ActiveCfg = Release|Any CPU
		{8B04F518-72E2-436D-B82E-5A4B68D3CB65}.Release|Any CPU.Build.0 = Release|Any CPU
		{5DBDF1AB-3B5A-4BF9-842F-E7BBD5A22726}.Debug|Any CPU.ActiveCfg = Debug|Any CPU
		{5DBDF1AB-3B5A-4BF9-842F-E7BBD5A22726}.Debug|Any CPU.Build.0 = Debug|Any CPU
		{5DBDF1AB-3B5A-4BF9-842F-E7BBD5A22726}.Release|Any CPU.ActiveCfg = Release|Any CPU
		{5DBDF1AB-3B5A-4BF9-842F-E7BBD5A22726}.Release|Any CPU.Build.0 = Release|Any CPU
		{58168014-6AEC-44DC-9D44-27D896724A66}.Debug|Any CPU.ActiveCfg = Debug|Any CPU
		{58168014-6AEC-44DC-9D44-27D896724A66}.Debug|Any CPU.Build.0 = Debug|Any CPU
		{58168014-6AEC-44DC-9D44-27D896724A66}.Release|Any CPU.ActiveCfg = Release|Any CPU
		{58168014-6AEC-44DC-9D44-27D896724A66}.Release|Any CPU.Build.0 = Release|Any CPU
		{82F072DD-142C-4BCE-936E-077C76EB7802}.Debug|Any CPU.ActiveCfg = Debug|Any CPU
		{82F072DD-142C-4BCE-936E-077C76EB7802}.Debug|Any CPU.Build.0 = Debug|Any CPU
		{82F072DD-142C-4BCE-936E-077C76EB7802}.Release|Any CPU.ActiveCfg = Release|Any CPU
		{82F072DD-142C-4BCE-936E-077C76EB7802}.Release|Any CPU.Build.0 = Release|Any CPU
		{87FDF1A1-4AF5-40E2-A2D2-5FA9EEB4504E}.Debug|Any CPU.ActiveCfg = Debug|Any CPU
		{87FDF1A1-4AF5-40E2-A2D2-5FA9EEB4504E}.Debug|Any CPU.Build.0 = Debug|Any CPU
		{87FDF1A1-4AF5-40E2-A2D2-5FA9EEB4504E}.Release|Any CPU.ActiveCfg = Release|Any CPU
		{87FDF1A1-4AF5-40E2-A2D2-5FA9EEB4504E}.Release|Any CPU.Build.0 = Release|Any CPU
		{C0CE4C81-7803-4F17-8E1E-0039DBDEC04C}.Debug|Any CPU.ActiveCfg = Debug|Any CPU
		{C0CE4C81-7803-4F17-8E1E-0039DBDEC04C}.Debug|Any CPU.Build.0 = Debug|Any CPU
		{C0CE4C81-7803-4F17-8E1E-0039DBDEC04C}.Release|Any CPU.ActiveCfg = Release|Any CPU
		{C0CE4C81-7803-4F17-8E1E-0039DBDEC04C}.Release|Any CPU.Build.0 = Release|Any CPU
		{006B24D6-2060-4273-8A08-CE5BF77094DF}.Debug|Any CPU.ActiveCfg = Debug|Any CPU
		{006B24D6-2060-4273-8A08-CE5BF77094DF}.Debug|Any CPU.Build.0 = Debug|Any CPU
		{006B24D6-2060-4273-8A08-CE5BF77094DF}.Release|Any CPU.ActiveCfg = Release|Any CPU
		{006B24D6-2060-4273-8A08-CE5BF77094DF}.Release|Any CPU.Build.0 = Release|Any CPU
		{BEE48F9D-0C56-4385-A217-C405C7721F20}.Debug|Any CPU.ActiveCfg = Debug|Any CPU
		{BEE48F9D-0C56-4385-A217-C405C7721F20}.Debug|Any CPU.Build.0 = Debug|Any CPU
		{BEE48F9D-0C56-4385-A217-C405C7721F20}.Release|Any CPU.ActiveCfg = Release|Any CPU
		{BEE48F9D-0C56-4385-A217-C405C7721F20}.Release|Any CPU.Build.0 = Release|Any CPU
		{475A6B9C-3354-4698-A6B7-31FF6FC1D6C7}.Debug|Any CPU.ActiveCfg = Debug|Any CPU
		{475A6B9C-3354-4698-A6B7-31FF6FC1D6C7}.Debug|Any CPU.Build.0 = Debug|Any CPU
		{475A6B9C-3354-4698-A6B7-31FF6FC1D6C7}.Release|Any CPU.ActiveCfg = Release|Any CPU
		{475A6B9C-3354-4698-A6B7-31FF6FC1D6C7}.Release|Any CPU.Build.0 = Release|Any CPU
		{9DB76F72-3C95-4333-B61B-360C46B29600}.Debug|Any CPU.ActiveCfg = Debug|Any CPU
		{9DB76F72-3C95-4333-B61B-360C46B29600}.Debug|Any CPU.Build.0 = Debug|Any CPU
		{9DB76F72-3C95-4333-B61B-360C46B29600}.Release|Any CPU.ActiveCfg = Release|Any CPU
		{9DB76F72-3C95-4333-B61B-360C46B29600}.Release|Any CPU.Build.0 = Release|Any CPU
		{9343B11E-6295-42E3-988F-5760569FBDAC}.Debug|Any CPU.ActiveCfg = Debug|Any CPU
		{9343B11E-6295-42E3-988F-5760569FBDAC}.Release|Any CPU.ActiveCfg = Release|Any CPU
		{9343B11E-6295-42E3-988F-5760569FBDAC}.Release|Any CPU.Build.0 = Release|Any CPU
		{47F40014-F2B6-4FFB-A66A-95306E2FAF96}.Debug|Any CPU.ActiveCfg = Debug|Any CPU
		{47F40014-F2B6-4FFB-A66A-95306E2FAF96}.Release|Any CPU.ActiveCfg = Release|Any CPU
		{47F40014-F2B6-4FFB-A66A-95306E2FAF96}.Release|Any CPU.Build.0 = Release|Any CPU
		{4641C1D5-989D-4E36-B2C1-85AD03F4F333}.Debug|Any CPU.ActiveCfg = Debug|Any CPU
		{4641C1D5-989D-4E36-B2C1-85AD03F4F333}.Release|Any CPU.ActiveCfg = Release|Any CPU
		{4641C1D5-989D-4E36-B2C1-85AD03F4F333}.Release|Any CPU.Build.0 = Release|Any CPU
		{360A1161-3D6B-460C-A30C-E3C80EB339E3}.Debug|Any CPU.ActiveCfg = Debug|Any CPU
		{360A1161-3D6B-460C-A30C-E3C80EB339E3}.Debug|Any CPU.Build.0 = Debug|Any CPU
		{360A1161-3D6B-460C-A30C-E3C80EB339E3}.Release|Any CPU.ActiveCfg = Release|Any CPU
		{360A1161-3D6B-460C-A30C-E3C80EB339E3}.Release|Any CPU.Build.0 = Release|Any CPU
		{2ED30113-FB36-4C90-AC80-A51FEE51BA37}.Debug|Any CPU.ActiveCfg = Debug|Any CPU
		{2ED30113-FB36-4C90-AC80-A51FEE51BA37}.Debug|Any CPU.Build.0 = Debug|Any CPU
		{2ED30113-FB36-4C90-AC80-A51FEE51BA37}.Release|Any CPU.ActiveCfg = Release|Any CPU
		{2ED30113-FB36-4C90-AC80-A51FEE51BA37}.Release|Any CPU.Build.0 = Release|Any CPU
		{19D5EAFA-B00F-40A0-9C36-0B283BF3A6BC}.Debug|Any CPU.ActiveCfg = Debug|Any CPU
		{19D5EAFA-B00F-40A0-9C36-0B283BF3A6BC}.Debug|Any CPU.Build.0 = Debug|Any CPU
		{19D5EAFA-B00F-40A0-9C36-0B283BF3A6BC}.Release|Any CPU.ActiveCfg = Release|Any CPU
		{19D5EAFA-B00F-40A0-9C36-0B283BF3A6BC}.Release|Any CPU.Build.0 = Release|Any CPU
		{68AAE3DA-50EF-4467-BB77-DEF05A632501}.Debug|Any CPU.ActiveCfg = Debug|Any CPU
		{68AAE3DA-50EF-4467-BB77-DEF05A632501}.Debug|Any CPU.Build.0 = Debug|Any CPU
		{68AAE3DA-50EF-4467-BB77-DEF05A632501}.Release|Any CPU.ActiveCfg = Release|Any CPU
		{68AAE3DA-50EF-4467-BB77-DEF05A632501}.Release|Any CPU.Build.0 = Release|Any CPU
		{EB8AE6D3-1677-4A8A-84CC-C67095E39980}.Debug|Any CPU.ActiveCfg = Debug|Any CPU
		{EB8AE6D3-1677-4A8A-84CC-C67095E39980}.Debug|Any CPU.Build.0 = Debug|Any CPU
		{EB8AE6D3-1677-4A8A-84CC-C67095E39980}.Release|Any CPU.ActiveCfg = Release|Any CPU
		{EB8AE6D3-1677-4A8A-84CC-C67095E39980}.Release|Any CPU.Build.0 = Release|Any CPU
		{B52BF21B-7695-4F00-B8EF-AE8F36D6C3FC}.Debug|Any CPU.ActiveCfg = Debug|Any CPU
		{B52BF21B-7695-4F00-B8EF-AE8F36D6C3FC}.Debug|Any CPU.Build.0 = Debug|Any CPU
		{B52BF21B-7695-4F00-B8EF-AE8F36D6C3FC}.Release|Any CPU.ActiveCfg = Release|Any CPU
		{B52BF21B-7695-4F00-B8EF-AE8F36D6C3FC}.Release|Any CPU.Build.0 = Release|Any CPU
	EndGlobalSection
	GlobalSection(SolutionProperties) = preSolution
		HideSolutionNode = FALSE
	EndGlobalSection
	GlobalSection(NestedProjects) = preSolution
		{23092271-E8E3-47BC-B926-D2058FD4BE7F} = {CEF33061-8E8C-41CB-936E-EA8D37BF6540}
		{B8897E55-F577-4ED3-9B8D-8B78DAF3E1D0} = {CEF33061-8E8C-41CB-936E-EA8D37BF6540}
		{FA1A4ACD-BDA4-495E-80F4-38979495D414} = {99D812B3-957C-411B-A862-81A6CF59FDA8}
		{B68EE870-C1D6-4757-B1B4-72FB7942C178} = {ABB7FB4C-6AC4-475A-9F64-5F960BDE0E1F}
		{561B18DC-239A-42A7-B9DB-84E7ADCB6B72} = {601CB2CE-FBD0-48DF-8450-E4BF5B0D1185}
		{DAE8514E-3D8F-49AC-8418-DFA1984226CD} = {D5D6A0D1-A27A-402B-8D0C-F9BE0804133E}
		{006B24D6-2060-4273-8A08-CE5BF77094DF} = {24B96E9F-A0FE-46D5-9465-441556C721EF}
		{53FA5E2C-5698-4F83-B190-71AA652DAE01} = {99D812B3-957C-411B-A862-81A6CF59FDA8}
		{09826433-98BD-45C2-AF11-1779CDFABE25} = {99D812B3-957C-411B-A862-81A6CF59FDA8}
		{FA0DB9FD-0B07-400A-B370-7238686EA785} = {99D812B3-957C-411B-A862-81A6CF59FDA8}
		{6335F50B-20DF-493F-AFB0-02B09123521F} = {D5D6A0D1-A27A-402B-8D0C-F9BE0804133E}
		{829CFF17-45EB-489F-A56D-FF3A4B4EFD42} = {D5D6A0D1-A27A-402B-8D0C-F9BE0804133E}
		{7AEEDB39-CF59-4363-930F-557B6EC9FFCF} = {311F5F9E-C078-4585-876B-AD613F87FE29}
		{8153995A-DC00-4EEE-B193-3F86393D4199} = {311F5F9E-C078-4585-876B-AD613F87FE29}
		{BE04F720-8B4F-4B3E-9C58-5400934EED91} = {311F5F9E-C078-4585-876B-AD613F87FE29}
		{4AB20B3A-6E96-4F8A-B5E1-D59BD28DE331} = {311F5F9E-C078-4585-876B-AD613F87FE29}
		{F7D98B3E-78AA-42D3-9547-EC8C29C946BC} = {01F60791-46CA-403F-A2B1-8CEA6E7A5DC9}
		{99064581-4378-4F1D-9099-2F0A34E1FEF6} = {01F60791-46CA-403F-A2B1-8CEA6E7A5DC9}
		{DD64E168-6D37-481C-AF1B-C171F15306D2} = {01F60791-46CA-403F-A2B1-8CEA6E7A5DC9}
		{8508CAEE-D963-48BA-9B66-096F6E604804} = {C611C702-E943-405F-8102-D0CA32E52F44}
		{14E229BA-727C-43A1-8CAD-00158F4CEB05} = {C611C702-E943-405F-8102-D0CA32E52F44}
		{F7E7A6E5-399F-40F7-AC7C-1293B7A071A0} = {ABB7FB4C-6AC4-475A-9F64-5F960BDE0E1F}
		{02EBD441-46F9-45A8-8998-705EA01D8CAA} = {ABB7FB4C-6AC4-475A-9F64-5F960BDE0E1F}
		{12B86A99-3216-441C-BDAC-C8CD95DA5189} = {99D812B3-957C-411B-A862-81A6CF59FDA8}
		{56D2B876-1238-49D2-A95B-E2F5D61A0C2C} = {01F60791-46CA-403F-A2B1-8CEA6E7A5DC9}
		{8B04F518-72E2-436D-B82E-5A4B68D3CB65} = {C611C702-E943-405F-8102-D0CA32E52F44}
		{5DBDF1AB-3B5A-4BF9-842F-E7BBD5A22726} = {C611C702-E943-405F-8102-D0CA32E52F44}
		{58168014-6AEC-44DC-9D44-27D896724A66} = {CEF33061-8E8C-41CB-936E-EA8D37BF6540}
		{82F072DD-142C-4BCE-936E-077C76EB7802} = {CEF33061-8E8C-41CB-936E-EA8D37BF6540}
		{87FDF1A1-4AF5-40E2-A2D2-5FA9EEB4504E} = {CEF33061-8E8C-41CB-936E-EA8D37BF6540}
		{C0CE4C81-7803-4F17-8E1E-0039DBDEC04C} = {CEF33061-8E8C-41CB-936E-EA8D37BF6540}
		{BEE48F9D-0C56-4385-A217-C405C7721F20} = {ABB7FB4C-6AC4-475A-9F64-5F960BDE0E1F}
		{475A6B9C-3354-4698-A6B7-31FF6FC1D6C7} = {99D812B3-957C-411B-A862-81A6CF59FDA8}
		{9DB76F72-3C95-4333-B61B-360C46B29600} = {24B96E9F-A0FE-46D5-9465-441556C721EF}
		{9343B11E-6295-42E3-988F-5760569FBDAC} = {69BEDF67-2025-4137-ABB3-67DC4F29B55D}
		{47F40014-F2B6-4FFB-A66A-95306E2FAF96} = {69BEDF67-2025-4137-ABB3-67DC4F29B55D}
		{4641C1D5-989D-4E36-B2C1-85AD03F4F333} = {69BEDF67-2025-4137-ABB3-67DC4F29B55D}
		{19D5EAFA-B00F-40A0-9C36-0B283BF3A6BC} = {D5D6A0D1-A27A-402B-8D0C-F9BE0804133E}
		{360A1161-3D6B-460C-A30C-E3C80EB339E3} = {24B96E9F-A0FE-46D5-9465-441556C721EF}
		{2ED30113-FB36-4C90-AC80-A51FEE51BA37} = {D5D6A0D1-A27A-402B-8D0C-F9BE0804133E}
		{68AAE3DA-50EF-4467-BB77-DEF05A632501} = {D5D6A0D1-A27A-402B-8D0C-F9BE0804133E}
		{B52BF21B-7695-4F00-B8EF-AE8F36D6C3FC} = {C611C702-E943-405F-8102-D0CA32E52F44}
		{EB8AE6D3-1677-4A8A-84CC-C67095E39980} = {99D812B3-957C-411B-A862-81A6CF59FDA8}
	EndGlobalSection
	GlobalSection(ExtensibilityGlobals) = postSolution
		SolutionGuid = {248D477B-280A-4E13-9AB8-4D9093A4EBF1}
	EndGlobalSection
EndGlobal
